
Microsoft Visual Studio Solution File, Format Version 12.00
# Visual Studio Version 17
VisualStudioVersion = 17.14.36915.13 d17.14
MinimumVisualStudioVersion = 10.0.40219.1
Project("{FAE04EC0-301F-11D3-BF4B-00C04F79EFBC}") = "greeting_and_prompting", "ConsoleApp1\greeting_and_prompting.csproj", "{633807BB-F46C-426F-BD0B-E922FE29964B}"
EndProject
Global
	GlobalSection(SolutionConfigurationPlatforms) = preSolution
		Debug|Any CPU = Debug|Any CPU
		Release|Any CPU = Release|Any CPU
	EndGlobalSection
	GlobalSection(ProjectConfigurationPlatforms) = postSolution
		{633807BB-F46C-426F-BD0B-E922FE29964B}.Debug|Any CPU.ActiveCfg = Debug|Any CPU
		{633807BB-F46C-426F-BD0B-E922FE29964B}.Debug|Any CPU.Build.0 = Debug|Any CPU
		{633807BB-F46C-426F-BD0B-E922FE29964B}.Release|Any CPU.ActiveCfg = Release|Any CPU
		{633807BB-F46C-426F-BD0B-E922FE29964B}.Release|Any CPU.Build.0 = Release|Any CPU
	EndGlobalSection
	GlobalSection(SolutionProperties) = preSolution
		HideSolutionNode = FALSE
	EndGlobalSection
	GlobalSection(ExtensibilityGlobals) = postSolution
		SolutionGuid = {6B3520D8-13DE-4067-A099-E367F11A8751}
	EndGlobalSection
EndGlobal
